
Microsoft Visual Studio Solution File, Format Version 12.00
# Visual Studio 15
VisualStudioVersion = 15.0.28307.705
MinimumVisualStudioVersion = 10.0.40219.1
Project("{FAE04EC0-301F-11D3-BF4B-00C04F79EFBC}") = "StackAndTurn", "StackAndTurn\StackAndTurn.csproj", "{3C95CC7B-5DA4-4299-996B-451C3D963538}"
EndProject
Global
	GlobalSection(SolutionConfigurationPlatforms) = preSolution
		Debug|Any CPU = Debug|Any CPU
		Release|Any CPU = Release|Any CPU
	EndGlobalSection
	GlobalSection(ProjectConfigurationPlatforms) = postSolution
		{3C95CC7B-5DA4-4299-996B-451C3D963538}.Debug|Any CPU.ActiveCfg = Debug|Any CPU
		{3C95CC7B-5DA4-4299-996B-451C3D963538}.Debug|Any CPU.Build.0 = Debug|Any CPU
		{3C95CC7B-5DA4-4299-996B-451C3D963538}.Release|Any CPU.ActiveCfg = Release|Any CPU
		{3C95CC7B-5DA4-4299-996B-451C3D963538}.Release|Any CPU.Build.0 = Release|Any CPU
	EndGlobalSection
	GlobalSection(SolutionProperties) = preSolution
		HideSolutionNode = FALSE
	EndGlobalSection
	GlobalSection(ExtensibilityGlobals) = postSolution
		SolutionGuid = {685D5897-EFC4-4159-B8B2-61FFEE45C9B2}
	EndGlobalSection
EndGlobal
